// !$*UTF8*$!
{
	archiveVersion = 1;
	classes = {
	};
	objectVersion = 56;
	objects = {

/* Begin PBXBuildFile section */
		D038AB972924D00C0085E946 /* main.swift in Sources */ = {isa = PBXBuildFile; fileRef = D038AB962924D00C0085E946 /* main.swift */; };
		D038AB9E292506D80085E946 /* AddStudent.swift in Sources */ = {isa = PBXBuildFile; fileRef = D038AB9D292506D80085E946 /* AddStudent.swift */; };
		D038ABA0292506FF0085E946 /* DeleteStudent.swift in Sources */ = {isa = PBXBuildFile; fileRef = D038AB9F292506FF0085E946 /* DeleteStudent.swift */; };
		D038ABA22925071C0085E946 /* AddGrade.swift in Sources */ = {isa = PBXBuildFile; fileRef = D038ABA12925071C0085E946 /* AddGrade.swift */; };
		D038ABA42925073B0085E946 /* DeleteGrade.swift in Sources */ = {isa = PBXBuildFile; fileRef = D038ABA32925073B0085E946 /* DeleteGrade.swift */; };
		D038ABA6292507570085E946 /* ReadGrade.swift in Sources */ = {isa = PBXBuildFile; fileRef = D038ABA5292507570085E946 /* ReadGrade.swift */; };
		D038ABA82925076D0085E946 /* Scoring.swift in Sources */ = {isa = PBXBuildFile; fileRef = D038ABA72925076D0085E946 /* Scoring.swift */; };
		D038ABAE292508610085E946 /* Notice.swift in Sources */ = {isa = PBXBuildFile; fileRef = D038ABAD292508610085E946 /* Notice.swift */; };
		D038ABB029250BF40085E946 /* MyCreditManager.swift in Sources */ = {isa = PBXBuildFile; fileRef = D038ABAF29250BF40085E946 /* MyCreditManager.swift */; };
/* End PBXBuildFile section */

/* Begin PBXCopyFilesBuildPhase section */
		D038AB912924D00C0085E946 /* CopyFiles */ = {
			isa = PBXCopyFilesBuildPhase;
			buildActionMask = 2147483647;
			dstPath = /usr/share/man/man1/;
			dstSubfolderSpec = 0;
			files = (
			);
			runOnlyForDeploymentPostprocessing = 1;
		};
/* End PBXCopyFilesBuildPhase section */

/* Begin PBXFileReference section */
		D038AB932924D00C0085E946 /* MyCreditManager */ = {isa = PBXFileReference; explicitFileType = "compiled.mach-o.executable"; includeInIndex = 0; path = MyCreditManager; sourceTree = BUILT_PRODUCTS_DIR; };
		D038AB962924D00C0085E946 /* main.swift */ = {isa = PBXFileReference; lastKnownFileType = sourcecode.swift; path = main.swift; sourceTree = "<group>"; };
		D038AB9D292506D80085E946 /* AddStudent.swift */ = {isa = PBXFileReference; lastKnownFileType = sourcecode.swift; path = AddStudent.swift; sourceTree = "<group>"; };
		D038AB9F292506FF0085E946 /* DeleteStudent.swift */ = {isa = PBXFileReference; lastKnownFileType = sourcecode.swift; path = DeleteStudent.swift; sourceTree = "<group>"; };
		D038ABA12925071C0085E946 /* AddGrade.swift */ = {isa = PBXFileReference; lastKnownFileType = sourcecode.swift; path = AddGrade.swift; sourceTree = "<group>"; };
		D038ABA32925073B0085E946 /* DeleteGrade.swift */ = {isa = PBXFileReference; lastKnownFileType = sourcecode.swift; path = DeleteGrade.swift; sourceTree = "<group>"; };
		D038ABA5292507570085E946 /* ReadGrade.swift */ = {isa = PBXFileReference; lastKnownFileType = sourcecode.swift; path = ReadGrade.swift; sourceTree = "<group>"; };
		D038ABA72925076D0085E946 /* Scoring.swift */ = {isa = PBXFileReference; lastKnownFileType = sourcecode.swift; path = Scoring.swift; sourceTree = "<group>"; };
		D038ABAD292508610085E946 /* Notice.swift */ = {isa = PBXFileReference; lastKnownFileType = sourcecode.swift; path = Notice.swift; sourceTree = "<group>"; };
		D038ABAF29250BF40085E946 /* MyCreditManager.swift */ = {isa = PBXFileReference; lastKnownFileType = sourcecode.swift; path = MyCreditManager.swift; sourceTree = "<group>"; };
/* End PBXFileReference section */

/* Begin PBXFrameworksBuildPhase section */
		D038AB902924D00C0085E946 /* Frameworks */ = {
			isa = PBXFrameworksBuildPhase;
			buildActionMask = 2147483647;
			files = (
			);
			runOnlyForDeploymentPostprocessing = 0;
		};
/* End PBXFrameworksBuildPhase section */

/* Begin PBXGroup section */
		D038AB8A2924D00C0085E946 = {
			isa = PBXGroup;
			children = (
				D038AB952924D00C0085E946 /* MyCreditManager */,
				D038AB942924D00C0085E946 /* Products */,
			);
			sourceTree = "<group>";
		};
		D038AB942924D00C0085E946 /* Products */ = {
			isa = PBXGroup;
			children = (
				D038AB932924D00C0085E946 /* MyCreditManager */,
			);
			name = Products;
			sourceTree = "<group>";
		};
		D038AB952924D00C0085E946 /* MyCreditManager */ = {
			isa = PBXGroup;
			children = (
				D038AB962924D00C0085E946 /* main.swift */,
				D038ABA92925077D0085E946 /* Add */,
				D038ABAA2925078A0085E946 /* Delete */,
				D038ABAB292507A60085E946 /* Read */,
				D038ABAC292507D90085E946 /* Common */,
			);
			path = MyCreditManager;
			sourceTree = "<group>";
		};
		D038ABA92925077D0085E946 /* Add */ = {
			isa = PBXGroup;
			children = (
				D038AB9D292506D80085E946 /* AddStudent.swift */,
				D038ABA12925071C0085E946 /* AddGrade.swift */,
			);
			path = Add;
			sourceTree = "<group>";
		};
		D038ABAA2925078A0085E946 /* Delete */ = {
			isa = PBXGroup;
			children = (
				D038AB9F292506FF0085E946 /* DeleteStudent.swift */,
				D038ABA32925073B0085E946 /* DeleteGrade.swift */,
			);
			path = Delete;
			sourceTree = "<group>";
		};
		D038ABAB292507A60085E946 /* Read */ = {
			isa = PBXGroup;
			children = (
				D038ABA5292507570085E946 /* ReadGrade.swift */,
			);
			path = Read;
			sourceTree = "<group>";
		};
		D038ABAC292507D90085E946 /* Common */ = {
			isa = PBXGroup;
			children = (
				D038ABA72925076D0085E946 /* Scoring.swift */,
				D038ABAD292508610085E946 /* Notice.swift */,
				D038ABAF29250BF40085E946 /* MyCreditManager.swift */,
			);
			path = Common;
			sourceTree = "<group>";
		};
/* End PBXGroup section */

/* Begin PBXNativeTarget section */
		D038AB922924D00C0085E946 /* MyCreditManager */ = {
			isa = PBXNativeTarget;
			buildConfigurationList = D038AB9A2924D00C0085E946 /* Build configuration list for PBXNativeTarget "MyCreditManager" */;
			buildPhases = (
				D038AB8F2924D00C0085E946 /* Sources */,
				D038AB902924D00C0085E946 /* Frameworks */,
				D038AB912924D00C0085E946 /* CopyFiles */,
			);
			buildRules = (
			);
			dependencies = (
			);
			name = MyCreditManager;
			productName = MyCreditManager;
			productReference = D038AB932924D00C0085E946 /* MyCreditManager */;
			productType = "com.apple.product-type.tool";
		};
/* End PBXNativeTarget section */

/* Begin PBXProject section */
		D038AB8B2924D00C0085E946 /* Project object */ = {
			isa = PBXProject;
			attributes = {
				BuildIndependentTargetsInParallel = 1;
				LastSwiftUpdateCheck = 1400;
				LastUpgradeCheck = 1400;
				TargetAttributes = {
					D038AB922924D00C0085E946 = {
						CreatedOnToolsVersion = 14.0.1;
					};
				};
			};
			buildConfigurationList = D038AB8E2924D00C0085E946 /* Build configuration list for PBXProject "MyCreditManager" */;
			compatibilityVersion = "Xcode 14.0";
			developmentRegion = en;
			hasScannedForEncodings = 0;
			knownRegions = (
				en,
				Base,
			);
			mainGroup = D038AB8A2924D00C0085E946;
			productRefGroup = D038AB942924D00C0085E946 /* Products */;
			projectDirPath = "";
			projectRoot = "";
			targets = (
				D038AB922924D00C0085E946 /* MyCreditManager */,
			);
		};
/* End PBXProject section */

/* Begin PBXSourcesBuildPhase section */
		D038AB8F2924D00C0085E946 /* Sources */ = {
			isa = PBXSourcesBuildPhase;
			buildActionMask = 2147483647;
			files = (
				D038ABA42925073B0085E946 /* DeleteGrade.swift in Sources */,
				D038ABAE292508610085E946 /* Notice.swift in Sources */,
				D038ABA0292506FF0085E946 /* DeleteStudent.swift in Sources */,
				D038ABA22925071C0085E946 /* AddGrade.swift in Sources */,
				D038ABA82925076D0085E946 /* Scoring.swift in Sources */,
				D038AB972924D00C0085E946 /* main.swift in Sources */,
				D038ABB029250BF40085E946 /* MyCreditManager.swift in Sources */,
				D038AB9E292506D80085E946 /* AddStudent.swift in Sources */,
				D038ABA6292507570085E946 /* ReadGrade.swift in Sources */,
			);
			runOnlyForDeploymentPostprocessing = 0;
		};
/* End PBXSourcesBuildPhase section */

/* Begin XCBuildConfiguration section */
		D038AB982924D00C0085E946 /* Debug */ = {
			isa = XCBuildConfiguration;
			buildSettings = {
				ALWAYS_SEARCH_USER_PATHS = NO;
				CLANG_ANALYZER_NONNULL = YES;
				CLANG_ANALYZER_NUMBER_OBJECT_CONVERSION = YES_AGGRESSIVE;
				CLANG_CXX_LANGUAGE_STANDARD = "gnu++20";
				CLANG_ENABLE_MODULES = YES;
				CLANG_ENABLE_OBJC_ARC = YES;
				CLANG_ENABLE_OBJC_WEAK = YES;
				CLANG_WARN_BLOCK_CAPTURE_AUTORELEASING = YES;
				CLANG_WARN_BOOL_CONVERSION = YES;
				CLANG_WARN_COMMA = YES;
				CLANG_WARN_CONSTANT_CONVERSION = YES;
				CLANG_WARN_DEPRECATED_OBJC_IMPLEMENTATIONS = YES;
				CLANG_WARN_DIRECT_OBJC_ISA_USAGE = YES_ERROR;
				CLANG_WARN_DOCUMENTATION_COMMENTS = YES;
				CLANG_WARN_EMPTY_BODY = YES;
				CLANG_WARN_ENUM_CONVERSION = YES;
				CLANG_WARN_INFINITE_RECURSION = YES;
				CLANG_WARN_INT_CONVERSION = YES;
				CLANG_WARN_NON_LITERAL_NULL_CONVERSION = YES;
				CLANG_WARN_OBJC_IMPLICIT_RETAIN_SELF = YES;
				CLANG_WARN_OBJC_LITERAL_CONVERSION = YES;
				CLANG_WARN_OBJC_ROOT_CLASS = YES_ERROR;
				CLANG_WARN_QUOTED_INCLUDE_IN_FRAMEWORK_HEADER = YES;
				CLANG_WARN_RANGE_LOOP_ANALYSIS = YES;
				CLANG_WARN_STRICT_PROTOTYPES = YES;
				CLANG_WARN_SUSPICIOUS_MOVE = YES;
				CLANG_WARN_UNGUARDED_AVAILABILITY = YES_AGGRESSIVE;
				CLANG_WARN_UNREACHABLE_CODE = YES;
				CLANG_WARN__DUPLICATE_METHOD_MATCH = YES;
				COPY_PHASE_STRIP = NO;
				DEBUG_INFORMATION_FORMAT = dwarf;
				ENABLE_STRICT_OBJC_MSGSEND = YES;
				ENABLE_TESTABILITY = YES;
				GCC_C_LANGUAGE_STANDARD = gnu11;
				GCC_DYNAMIC_NO_PIC = NO;
				GCC_NO_COMMON_BLOCKS = YES;
				GCC_OPTIMIZATION_LEVEL = 0;
				GCC_PREPROCESSOR_DEFINITIONS = (
					"DEBUG=1",
					"$(inherited)",
				);
				GCC_WARN_64_TO_32_BIT_CONVERSION = YES;
				GCC_WARN_ABOUT_RETURN_TYPE = YES_ERROR;
				GCC_WARN_UNDECLARED_SELECTOR = YES;
				GCC_WARN_UNINITIALIZED_AUTOS = YES_AGGRESSIVE;
				GCC_WARN_UNUSED_FUNCTION = YES;
				GCC_WARN_UNUSED_VARIABLE = YES;
				MACOSX_DEPLOYMENT_TARGET = 12.3;
				MTL_ENABLE_DEBUG_INFO = INCLUDE_SOURCE;
				MTL_FAST_MATH = YES;
				ONLY_ACTIVE_ARCH = YES;
				SDKROOT = macosx;
				SWIFT_ACTIVE_COMPILATION_CONDITIONS = DEBUG;
				SWIFT_OPTIMIZATION_LEVEL = "-Onone";
			};
			name = Debug;
		};
		D038AB992924D00C0085E946 /* Release */ = {
			isa = XCBuildConfiguration;
			buildSettings = {
				ALWAYS_SEARCH_USER_PATHS = NO;
				CLANG_ANALYZER_NONNULL = YES;
				CLANG_ANALYZER_NUMBER_OBJECT_CONVERSION = YES_AGGRESSIVE;
				CLANG_CXX_LANGUAGE_STANDARD = "gnu++20";
				CLANG_ENABLE_MODULES = YES;
				CLANG_ENABLE_OBJC_ARC = YES;
				CLANG_ENABLE_OBJC_WEAK = YES;
				CLANG_WARN_BLOCK_CAPTURE_AUTORELEASING = YES;
				CLANG_WARN_BOOL_CONVERSION = YES;
				CLANG_WARN_COMMA = YES;
				CLANG_WARN_CONSTANT_CONVERSION = YES;
				CLANG_WARN_DEPRECATED_OBJC_IMPLEMENTATIONS = YES;
				CLANG_WARN_DIRECT_OBJC_ISA_USAGE = YES_ERROR;
				CLANG_WARN_DOCUMENTATION_COMMENTS = YES;
				CLANG_WARN_EMPTY_BODY = YES;
				CLANG_WARN_ENUM_CONVERSION = YES;
				CLANG_WARN_INFINITE_RECURSION = YES;
				CLANG_WARN_INT_CONVERSION = YES;
				CLANG_WARN_NON_LITERAL_NULL_CONVERSION = YES;
				CLANG_WARN_OBJC_IMPLICIT_RETAIN_SELF = YES;
				CLANG_WARN_OBJC_LITERAL_CONVERSION = YES;
				CLANG_WARN_OBJC_ROOT_CLASS = YES_ERROR;
				CLANG_WARN_QUOTED_INCLUDE_IN_FRAMEWORK_HEADER = YES;
				CLANG_WARN_RANGE_LOOP_ANALYSIS = YES;
				CLANG_WARN_STRICT_PROTOTYPES = YES;
				CLANG_WARN_SUSPICIOUS_MOVE = YES;
				CLANG_WARN_UNGUARDED_AVAILABILITY = YES_AGGRESSIVE;
				CLANG_WARN_UNREACHABLE_CODE = YES;
				CLANG_WARN__DUPLICATE_METHOD_MATCH = YES;
				COPY_PHASE_STRIP = NO;
				DEBUG_INFORMATION_FORMAT = "dwarf-with-dsym";
				ENABLE_NS_ASSERTIONS = NO;
				ENABLE_STRICT_OBJC_MSGSEND = YES;
				GCC_C_LANGUAGE_STANDARD = gnu11;
				GCC_NO_COMMON_BLOCKS = YES;
				GCC_WARN_64_TO_32_BIT_CONVERSION = YES;
				GCC_WARN_ABOUT_RETURN_TYPE = YES_ERROR;
				GCC_WARN_UNDECLARED_SELECTOR = YES;
				GCC_WARN_UNINITIALIZED_AUTOS = YES_AGGRESSIVE;
				GCC_WARN_UNUSED_FUNCTION = YES;
				GCC_WARN_UNUSED_VARIABLE = YES;
				MACOSX_DEPLOYMENT_TARGET = 12.3;
				MTL_ENABLE_DEBUG_INFO = NO;
				MTL_FAST_MATH = YES;
				SDKROOT = macosx;
				SWIFT_COMPILATION_MODE = wholemodule;
				SWIFT_OPTIMIZATION_LEVEL = "-O";
			};
			name = Release;
		};
		D038AB9B2924D00C0085E946 /* Debug */ = {
			isa = XCBuildConfiguration;
			buildSettings = {
				CODE_SIGN_STYLE = Automatic;
				DEVELOPMENT_TEAM = 585F6TK5A8;
				ENABLE_HARDENED_RUNTIME = YES;
				PRODUCT_NAME = "$(TARGET_NAME)";
				SWIFT_VERSION = 5.0;
			};
			name = Debug;
		};
		D038AB9C2924D00C0085E946 /* Release */ = {
			isa = XCBuildConfiguration;
			buildSettings = {
				CODE_SIGN_STYLE = Automatic;
				DEVELOPMENT_TEAM = 585F6TK5A8;
				ENABLE_HARDENED_RUNTIME = YES;
				PRODUCT_NAME = "$(TARGET_NAME)";
				SWIFT_VERSION = 5.0;
			};
			name = Release;
		};
/* End XCBuildConfiguration section */

/* Begin XCConfigurationList section */
		D038AB8E2924D00C0085E946 /* Build configuration list for PBXProject "MyCreditManager" */ = {
			isa = XCConfigurationList;
			buildConfigurations = (
				D038AB982924D00C0085E946 /* Debug */,
				D038AB992924D00C0085E946 /* Release */,
			);
			defaultConfigurationIsVisible = 0;
			defaultConfigurationName = Release;
		};
		D038AB9A2924D00C0085E946 /* Build configuration list for PBXNativeTarget "MyCreditManager" */ = {
			isa = XCConfigurationList;
			buildConfigurations = (
				D038AB9B2924D00C0085E946 /* Debug */,
				D038AB9C2924D00C0085E946 /* Release */,
			);
			defaultConfigurationIsVisible = 0;
			defaultConfigurationName = Release;
		};
/* End XCConfigurationList section */
	};
	rootObject = D038AB8B2924D00C0085E946 /* Project object */;
}
